
Microsoft Visual Studio Solution File, Format Version 12.00
# Visual Studio Version 17
VisualStudioVersion = 17.2.32630.192
MinimumVisualStudioVersion = 10.0.40219.1
Project("{FAE04EC0-301F-11D3-BF4B-00C04F79EFBC}") = "Tp.Aula02", "Tp.Aula02\Tp.Aula02.csproj", "{351DE1AF-2FB8-4737-A0FD-8188160944E4}"
EndProject
Global
	GlobalSection(SolutionConfigurationPlatforms) = preSolution
		Debug|Any CPU = Debug|Any CPU
		Release|Any CPU = Release|Any CPU
	EndGlobalSection
	GlobalSection(ProjectConfigurationPlatforms) = postSolution
		{351DE1AF-2FB8-4737-A0FD-8188160944E4}.Debug|Any CPU.ActiveCfg = Debug|Any CPU
		{351DE1AF-2FB8-4737-A0FD-8188160944E4}.Debug|Any CPU.Build.0 = Debug|Any CPU
		{351DE1AF-2FB8-4737-A0FD-8188160944E4}.Release|Any CPU.ActiveCfg = Release|Any CPU
		{351DE1AF-2FB8-4737-A0FD-8188160944E4}.Release|Any CPU.Build.0 = Release|Any CPU
	EndGlobalSection
	GlobalSection(SolutionProperties) = preSolution
		HideSolutionNode = FALSE
	EndGlobalSection
	GlobalSection(ExtensibilityGlobals) = postSolution
		SolutionGuid = {E925D522-9169-4E21-92B7-AE3D6C61B538}
	EndGlobalSection
EndGlobal
